
Microsoft Visual Studio Solution File, Format Version 12.00
# Visual Studio Version 17
VisualStudioVersion = 17.3.32922.545
MinimumVisualStudioVersion = 10.0.40219.1
Project("{FAE04EC0-301F-11D3-BF4B-00C04F79EFBC}") = "PersonelKayitOr", "PersonelKayitOr\PersonelKayitOr.csproj", "{EA1B09D3-CC8D-4EC1-9EE8-E6760235D126}"
EndProject
Global
	GlobalSection(SolutionConfigurationPlatforms) = preSolution
		Debug|Any CPU = Debug|Any CPU
		Release|Any CPU = Release|Any CPU
	EndGlobalSection
	GlobalSection(ProjectConfigurationPlatforms) = postSolution
		{EA1B09D3-CC8D-4EC1-9EE8-E6760235D126}.Debug|Any CPU.ActiveCfg = Debug|Any CPU
		{EA1B09D3-CC8D-4EC1-9EE8-E6760235D126}.Debug|Any CPU.Build.0 = Debug|Any CPU
		{EA1B09D3-CC8D-4EC1-9EE8-E6760235D126}.Release|Any CPU.ActiveCfg = Release|Any CPU
		{EA1B09D3-CC8D-4EC1-9EE8-E6760235D126}.Release|Any CPU.Build.0 = Release|Any CPU
	EndGlobalSection
	GlobalSection(SolutionProperties) = preSolution
		HideSolutionNode = FALSE
	EndGlobalSection
	GlobalSection(ExtensibilityGlobals) = postSolution
		SolutionGuid = {557380FD-FCAD-43B5-B2F9-E377654B5ADA}
	EndGlobalSection
EndGlobal
